<?xml version="1.0" encoding="utf-8"?>
<Project ToolsVersion="4.0" xmlns="http://schemas.microsoft.com/developer/msbuild/2003">
  <ItemGroup>
    <Filter Include="Source Files">
      <UniqueIdentifier>{4FC737F1-C7A5-4376-A066-2A32D752A2FF}</UniqueIdentifier>
      <Extensions>cpp;c;cc;cxx;c++;cppm;ixx;def;odl;idl;hpj;bat;asm;asmx</Extensions>
    </Filter>
    <Filter Include="Header Files">
      <UniqueIdentifier>{93995380-89BD-4b04-88EB-625FBE52EBFB}</UniqueIdentifier>
      <Extensions>h;hh;hpp;hxx;h++;hm;inl;inc;ipp;xsd</Extensions>
    </Filter>
    <Filter Include="Resource Files">
      <UniqueIdentifier>{67DA6AB6-F800-4c08-8B7A-83BB121AAD01}</UniqueIdentifier>
      <Extensions>rc;ico;cur;bmp;dlg;rc2;rct;bin;rgs;gif;jpg;jpeg;jpe;resx;tiff;tif;png;wav;mfcribbon-ms</Extensions>
    </Filter>
  </ItemGroup>
  <ItemGroup>
    <ClCompile Include="Labels.cpp">
      <Filter>Source Files</Filter>
    </ClCompile>
    <ClCompile Include="CapitalizeTransformation.cpp">
      <Filter>Source Files</Filter>
    </ClCompile>
    <ClCompile Include="Label.cpp">
      <Filter>Source Files</Filter>
    </ClCompile>
    <ClCompile Include="LabelDecoratorBase.cpp">
      <Filter>Source Files</Filter>
    </ClCompile>
    <ClCompile Include="RichLabel.cpp">
      <Filter>Source Files</Filter>
    </ClCompile>
    <ClCompile Include="SimpleLabel.cpp">
      <Filter>Source Files</Filter>
    </ClCompile>
    <ClCompile Include="TextTransformation.cpp">
      <Filter>Source Files</Filter>
    </ClCompile>
    <ClCompile Include="TextTransformationDecoratorBase.cpp">
      <Filter>Source Files</Filter>
    </ClCompile>
    <ClCompile Include="LeftTrimTransformation.cpp">
      <Filter>Source Files</Filter>
    </ClCompile>
    <ClCompile Include="TextTransformationDecoratorSharedObject.cpp">
      <Filter>Source Files</Filter>
    </ClCompile>
    <ClCompile Include="TextTransformationDecoratorMovedObject.cpp">
      <Filter>Source Files</Filter>
    </ClCompile>
    <ClCompile Include="RandomTransformationDecoratorBase.cpp">
      <Filter>Source Files</Filter>
    </ClCompile>
    <ClCompile Include="RandomTransformationDecoratorSharedObject.cpp">
      <Filter>Source Files</Filter>
    </ClCompile>
    <ClCompile Include="RandomTransformationDecoratorMovedObject.cpp">
      <Filter>Source Files</Filter>
    </ClCompile>
  </ItemGroup>
  <ItemGroup>
    <ClInclude Include="doctest.h">
      <Filter>Header Files</Filter>
    </ClInclude>
    <ClInclude Include="CapitalizeTransformation.h">
      <Filter>Header Files</Filter>
    </ClInclude>
    <ClInclude Include="Color.h">
      <Filter>Header Files</Filter>
    </ClInclude>
    <ClInclude Include="Font.h">
      <Filter>Header Files</Filter>
    </ClInclude>
    <ClInclude Include="Label.h">
      <Filter>Header Files</Filter>
    </ClInclude>
    <ClInclude Include="LabelDecoratorBase.h">
      <Filter>Header Files</Filter>
    </ClInclude>
    <ClInclude Include="RichLabel.h">
      <Filter>Header Files</Filter>
    </ClInclude>
    <ClInclude Include="SimpleLabel.h">
      <Filter>Header Files</Filter>
    </ClInclude>
    <ClInclude Include="TextTransformation.h">
      <Filter>Header Files</Filter>
    </ClInclude>
    <ClInclude Include="TextTransformationDecoratorMovedObject.h">
      <Filter>Header Files</Filter>
    </ClInclude>
    <ClInclude Include="RichLabelTests.hpp">
      <Filter>Header Files</Filter>
    </ClInclude>
    <ClInclude Include="LeftTrimTransformation.h">
      <Filter>Header Files</Filter>
    </ClInclude>
    <ClInclude Include="TextTransformationDecoratorSharedObject.h">
      <Filter>Header Files</Filter>
    </ClInclude>
    <ClInclude Include="TextTransformationDecoratorBase.h">
      <Filter>Header Files</Filter>
    </ClInclude>
    <ClInclude Include="RandomTransformationDecoratorBase.h">
      <Filter>Header Files</Filter>
    </ClInclude>
    <ClInclude Include="RandomTransformationDecoratorSharedObject.h">
      <Filter>Header Files</Filter>
    </ClInclude>
    <ClInclude Include="RandomTransformationDecoratorMovedObject.h">
      <Filter>Header Files</Filter>
    </ClInclude>
  </ItemGroup>
</Project>