
Microsoft Visual Studio Solution File, Format Version 12.00
# Visual Studio Version 16
VisualStudioVersion = 16.0.31402.337
MinimumVisualStudioVersion = 10.0.40219.1
Project("{FAE04EC0-301F-11D3-BF4B-00C04F79EFBC}") = "Checksums", "Checksums\Checksums.csproj", "{D706CD4D-B9DC-49E7-996E-CED824494514}"
EndProject
Project("{FAE04EC0-301F-11D3-BF4B-00C04F79EFBC}") = "ChecksumsLibrary", "ChecksumsLibrary\ChecksumsLibrary.csproj", "{D0FD7200-2739-47CF-8966-27DB007FFBA2}"
EndProject
Global
	GlobalSection(SolutionConfigurationPlatforms) = preSolution
		Debug|Any CPU = Debug|Any CPU
		Release|Any CPU = Release|Any CPU
	EndGlobalSection
	GlobalSection(ProjectConfigurationPlatforms) = postSolution
		{D706CD4D-B9DC-49E7-996E-CED824494514}.Debug|Any CPU.ActiveCfg = Debug|Any CPU
		{D706CD4D-B9DC-49E7-996E-CED824494514}.Debug|Any CPU.Build.0 = Debug|Any CPU
		{D706CD4D-B9DC-49E7-996E-CED824494514}.Release|Any CPU.ActiveCfg = Release|Any CPU
		{D706CD4D-B9DC-49E7-996E-CED824494514}.Release|Any CPU.Build.0 = Release|Any CPU
		{D0FD7200-2739-47CF-8966-27DB007FFBA2}.Debug|Any CPU.ActiveCfg = Debug|Any CPU
		{D0FD7200-2739-47CF-8966-27DB007FFBA2}.Debug|Any CPU.Build.0 = Debug|Any CPU
		{D0FD7200-2739-47CF-8966-27DB007FFBA2}.Release|Any CPU.ActiveCfg = Release|Any CPU
		{D0FD7200-2739-47CF-8966-27DB007FFBA2}.Release|Any CPU.Build.0 = Release|Any CPU
	EndGlobalSection
	GlobalSection(SolutionProperties) = preSolution
		HideSolutionNode = FALSE
	EndGlobalSection
	GlobalSection(ExtensibilityGlobals) = postSolution
		SolutionGuid = {4AA1F0BC-E15D-45BF-BAC9-9CFC946AB94A}
	EndGlobalSection
EndGlobal
